
Microsoft Visual Studio Solution File, Format Version 12.00
# Visual Studio Version 16
VisualStudioVersion = 16.0.31313.79
MinimumVisualStudioVersion = 10.0.40219.1
Project("{2150E333-8FDC-42A3-9474-1A3956D46DE8}") = "Array", "Array", "{1E49C918-0623-4BA2-9DBE-B2FC36EB58AC}"
EndProject
Project("{9A19103F-16F7-4668-BE54-9A1E7A4F7556}") = "RemoveDuplicates", "RemoveDuplicates\RemoveDuplicates\RemoveDuplicates.csproj", "{24EB6FB6-46A0-4B9A-B31D-857C6887F870}"
EndProject
Project("{9A19103F-16F7-4668-BE54-9A1E7A4F7556}") = "BestTimeToBuyAndSellStock2", "BestTimeToBuyAndSellStock2\BestTimeToBuyAndSellStock2.csproj", "{B0C6CB36-9929-437E-B040-449B4C7C1E29}"
EndProject
Project("{9A19103F-16F7-4668-BE54-9A1E7A4F7556}") = "RotateArray", "RotateArray\RotateArray.csproj", "{35F88A93-9A64-45A7-89F7-7DD4A5DD23B9}"
EndProject
Project("{9A19103F-16F7-4668-BE54-9A1E7A4F7556}") = "ContainsDuplicate", "ContainsDuplicate\ContainsDuplicate.csproj", "{86FFF8F8-DFE1-4054-BB2E-C12848AF4295}"
EndProject
Project("{9A19103F-16F7-4668-BE54-9A1E7A4F7556}") = "SingleNumber", "SingleNumber\SingleNumber.csproj", "{A267BF48-F7F2-45FD-8315-C5A72E11A6E4}"
EndProject
Project("{9A19103F-16F7-4668-BE54-9A1E7A4F7556}") = "IntersectionofTwoArraysII", "IntersectionofTwoArraysII\IntersectionofTwoArraysII.csproj", "{ACA3FC3E-E8C2-4F53-90DE-945A037BEBE4}"
EndProject
Project("{9A19103F-16F7-4668-BE54-9A1E7A4F7556}") = "PlusOne", "PlusOne\PlusOne.csproj", "{E6C8C456-64A0-4080-B7F9-3646897675A7}"
EndProject
Project("{9A19103F-16F7-4668-BE54-9A1E7A4F7556}") = "MoveZeroes", "MoveZeroes\MoveZeroes.csproj", "{14CEF067-EF78-4B79-936A-EC5B6F5B7E2E}"
EndProject
Project("{2150E333-8FDC-42A3-9474-1A3956D46DE8}") = "Strings", "Strings", "{C6761988-0BF4-4EBF-9015-1E33BC4AC497}"
EndProject
Project("{9A19103F-16F7-4668-BE54-9A1E7A4F7556}") = "ReverseString", "ReverseString\ReverseString.csproj", "{ABA3FD8F-1DBE-4CD0-B3D3-4A27FC2590CA}"
EndProject
Project("{9A19103F-16F7-4668-BE54-9A1E7A4F7556}") = "ReverseInteger", "ReverseInteger\ReverseInteger.csproj", "{251ECCA1-9BB8-4E69-9724-2980B7BA1636}"
EndProject
Project("{9A19103F-16F7-4668-BE54-9A1E7A4F7556}") = "FirstUniqueCharacterInaString", "FirstUniqueCharacterInaString\FirstUniqueCharacterInaString.csproj", "{ABA3DC60-CC3A-4636-9A96-CEA4F03DC9DD}"
EndProject
Project("{9A19103F-16F7-4668-BE54-9A1E7A4F7556}") = "TwoSum", "TwoSum\TwoSum.csproj", "{7BB2F7DA-20A3-4757-96FE-CA3211D0530E}"
EndProject
Project("{9A19103F-16F7-4668-BE54-9A1E7A4F7556}") = "InsertAndSort", "InsertAndSort\InsertAndSort.csproj", "{7ED31843-CDCB-498E-9378-BDAAF505F6BA}"
EndProject
Project("{9A19103F-16F7-4668-BE54-9A1E7A4F7556}") = "ValidAnagram", "ValidAnagram\ValidAnagram.csproj", "{67604460-2951-4BAD-8857-B38109C0B829}"
EndProject
Project("{9A19103F-16F7-4668-BE54-9A1E7A4F7556}") = "ValidPalindrome", "ValidPalindrome\ValidPalindrome.csproj", "{98A65183-6C07-4829-A46D-265096446D6E}"
EndProject
Project("{2150E333-8FDC-42A3-9474-1A3956D46DE8}") = "Linked List", "Linked List", "{09FB75D9-828C-470E-8D2C-029EA9DDA095}"
EndProject
Project("{9A19103F-16F7-4668-BE54-9A1E7A4F7556}") = "DeleteNodeInALinkedList", "DeleteNodeInALinkedList\DeleteNodeInALinkedList.csproj", "{D2964036-D770-421D-951F-01BB1F8D98A1}"
EndProject
Project("{9A19103F-16F7-4668-BE54-9A1E7A4F7556}") = "Base", "ListNode\Base.csproj", "{AD595378-CF84-49E3-8AD7-B721210E6377}"
EndProject
Project("{9A19103F-16F7-4668-BE54-9A1E7A4F7556}") = "RemoveNthNodeFromEndofList", "RemoveNthNodeFromEndofList\RemoveNthNodeFromEndofList.csproj", "{AED40498-0E29-4673-B067-B1DDAEB963C5}"
EndProject
Project("{9A19103F-16F7-4668-BE54-9A1E7A4F7556}") = "ReverseLinkedList", "ReverseLinkedList\ReverseLinkedList.csproj", "{99B896F2-AB6B-4C81-AB7B-50CDF9052D02}"
EndProject
Project("{9A19103F-16F7-4668-BE54-9A1E7A4F7556}") = "MergeTwoSortedLists", "MergeTwoSortedLists\MergeTwoSortedLists.csproj", "{C1B3E7E3-5B65-49F6-8FC0-301B04FA3511}"
EndProject
Project("{9A19103F-16F7-4668-BE54-9A1E7A4F7556}") = "PalindromeLinkedList", "PalindromeLinkedList\PalindromeLinkedList.csproj", "{191B471B-7845-43A3-8838-96A6E14DDA2E}"
EndProject
Project("{2150E333-8FDC-42A3-9474-1A3956D46DE8}") = "Trees", "Trees", "{4183B3A6-613E-48D7-A795-02ABB89CA241}"
EndProject
Project("{9A19103F-16F7-4668-BE54-9A1E7A4F7556}") = "Base", "Base\Base.csproj", "{AB6284AB-4037-4BA3-8C54-3DE764404133}"
EndProject
Project("{9A19103F-16F7-4668-BE54-9A1E7A4F7556}") = "MaximumDepthofBinaryTree", "MaximumDepthofBinaryTree\MaximumDepthofBinaryTree.csproj", "{7F00F057-A0CC-4FB2-9007-BF99C044A66A}"
EndProject
Project("{9A19103F-16F7-4668-BE54-9A1E7A4F7556}") = "ValidateBinarySearchTree", "ValidateBinarySearchTree\ValidateBinarySearchTree.csproj", "{9B4235BF-4F26-4DA8-9725-3813A16DF4D0}"
EndProject
Project("{FAE04EC0-301F-11D3-BF4B-00C04F79EFBC}") = "SortArrayByParityII", "SortArrayByParityII\SortArrayByParityII.csproj", "{82B21BD1-6372-4B2D-B0C8-D7112674B5C5}"
EndProject
Global
	GlobalSection(SolutionConfigurationPlatforms) = preSolution
		Debug|Any CPU = Debug|Any CPU
		Release|Any CPU = Release|Any CPU
	EndGlobalSection
	GlobalSection(ProjectConfigurationPlatforms) = postSolution
		{24EB6FB6-46A0-4B9A-B31D-857C6887F870}.Debug|Any CPU.ActiveCfg = Debug|Any CPU
		{24EB6FB6-46A0-4B9A-B31D-857C6887F870}.Debug|Any CPU.Build.0 = Debug|Any CPU
		{24EB6FB6-46A0-4B9A-B31D-857C6887F870}.Release|Any CPU.ActiveCfg = Release|Any CPU
		{24EB6FB6-46A0-4B9A-B31D-857C6887F870}.Release|Any CPU.Build.0 = Release|Any CPU
		{B0C6CB36-9929-437E-B040-449B4C7C1E29}.Debug|Any CPU.ActiveCfg = Debug|Any CPU
		{B0C6CB36-9929-437E-B040-449B4C7C1E29}.Debug|Any CPU.Build.0 = Debug|Any CPU
		{B0C6CB36-9929-437E-B040-449B4C7C1E29}.Release|Any CPU.ActiveCfg = Release|Any CPU
		{B0C6CB36-9929-437E-B040-449B4C7C1E29}.Release|Any CPU.Build.0 = Release|Any CPU
		{35F88A93-9A64-45A7-89F7-7DD4A5DD23B9}.Debug|Any CPU.ActiveCfg = Debug|Any CPU
		{35F88A93-9A64-45A7-89F7-7DD4A5DD23B9}.Debug|Any CPU.Build.0 = Debug|Any CPU
		{35F88A93-9A64-45A7-89F7-7DD4A5DD23B9}.Release|Any CPU.ActiveCfg = Release|Any CPU
		{35F88A93-9A64-45A7-89F7-7DD4A5DD23B9}.Release|Any CPU.Build.0 = Release|Any CPU
		{86FFF8F8-DFE1-4054-BB2E-C12848AF4295}.Debug|Any CPU.ActiveCfg = Debug|Any CPU
		{86FFF8F8-DFE1-4054-BB2E-C12848AF4295}.Debug|Any CPU.Build.0 = Debug|Any CPU
		{86FFF8F8-DFE1-4054-BB2E-C12848AF4295}.Release|Any CPU.ActiveCfg = Release|Any CPU
		{86FFF8F8-DFE1-4054-BB2E-C12848AF4295}.Release|Any CPU.Build.0 = Release|Any CPU
		{A267BF48-F7F2-45FD-8315-C5A72E11A6E4}.Debug|Any CPU.ActiveCfg = Debug|Any CPU
		{A267BF48-F7F2-45FD-8315-C5A72E11A6E4}.Debug|Any CPU.Build.0 = Debug|Any CPU
		{A267BF48-F7F2-45FD-8315-C5A72E11A6E4}.Release|Any CPU.ActiveCfg = Release|Any CPU
		{A267BF48-F7F2-45FD-8315-C5A72E11A6E4}.Release|Any CPU.Build.0 = Release|Any CPU
		{ACA3FC3E-E8C2-4F53-90DE-945A037BEBE4}.Debug|Any CPU.ActiveCfg = Debug|Any CPU
		{ACA3FC3E-E8C2-4F53-90DE-945A037BEBE4}.Debug|Any CPU.Build.0 = Debug|Any CPU
		{ACA3FC3E-E8C2-4F53-90DE-945A037BEBE4}.Release|Any CPU.ActiveCfg = Release|Any CPU
		{ACA3FC3E-E8C2-4F53-90DE-945A037BEBE4}.Release|Any CPU.Build.0 = Release|Any CPU
		{E6C8C456-64A0-4080-B7F9-3646897675A7}.Debug|Any CPU.ActiveCfg = Debug|Any CPU
		{E6C8C456-64A0-4080-B7F9-3646897675A7}.Debug|Any CPU.Build.0 = Debug|Any CPU
		{E6C8C456-64A0-4080-B7F9-3646897675A7}.Release|Any CPU.ActiveCfg = Release|Any CPU
		{E6C8C456-64A0-4080-B7F9-3646897675A7}.Release|Any CPU.Build.0 = Release|Any CPU
		{14CEF067-EF78-4B79-936A-EC5B6F5B7E2E}.Debug|Any CPU.ActiveCfg = Debug|Any CPU
		{14CEF067-EF78-4B79-936A-EC5B6F5B7E2E}.Debug|Any CPU.Build.0 = Debug|Any CPU
		{14CEF067-EF78-4B79-936A-EC5B6F5B7E2E}.Release|Any CPU.ActiveCfg = Release|Any CPU
		{14CEF067-EF78-4B79-936A-EC5B6F5B7E2E}.Release|Any CPU.Build.0 = Release|Any CPU
		{ABA3FD8F-1DBE-4CD0-B3D3-4A27FC2590CA}.Debug|Any CPU.ActiveCfg = Debug|Any CPU
		{ABA3FD8F-1DBE-4CD0-B3D3-4A27FC2590CA}.Debug|Any CPU.Build.0 = Debug|Any CPU
		{ABA3FD8F-1DBE-4CD0-B3D3-4A27FC2590CA}.Release|Any CPU.ActiveCfg = Release|Any CPU
		{ABA3FD8F-1DBE-4CD0-B3D3-4A27FC2590CA}.Release|Any CPU.Build.0 = Release|Any CPU
		{251ECCA1-9BB8-4E69-9724-2980B7BA1636}.Debug|Any CPU.ActiveCfg = Debug|Any CPU
		{251ECCA1-9BB8-4E69-9724-2980B7BA1636}.Debug|Any CPU.Build.0 = Debug|Any CPU
		{251ECCA1-9BB8-4E69-9724-2980B7BA1636}.Release|Any CPU.ActiveCfg = Release|Any CPU
		{251ECCA1-9BB8-4E69-9724-2980B7BA1636}.Release|Any CPU.Build.0 = Release|Any CPU
		{ABA3DC60-CC3A-4636-9A96-CEA4F03DC9DD}.Debug|Any CPU.ActiveCfg = Debug|Any CPU
		{ABA3DC60-CC3A-4636-9A96-CEA4F03DC9DD}.Debug|Any CPU.Build.0 = Debug|Any CPU
		{ABA3DC60-CC3A-4636-9A96-CEA4F03DC9DD}.Release|Any CPU.ActiveCfg = Release|Any CPU
		{ABA3DC60-CC3A-4636-9A96-CEA4F03DC9DD}.Release|Any CPU.Build.0 = Release|Any CPU
		{7BB2F7DA-20A3-4757-96FE-CA3211D0530E}.Debug|Any CPU.ActiveCfg = Debug|Any CPU
		{7BB2F7DA-20A3-4757-96FE-CA3211D0530E}.Debug|Any CPU.Build.0 = Debug|Any CPU
		{7BB2F7DA-20A3-4757-96FE-CA3211D0530E}.Release|Any CPU.ActiveCfg = Release|Any CPU
		{7BB2F7DA-20A3-4757-96FE-CA3211D0530E}.Release|Any CPU.Build.0 = Release|Any CPU
		{7ED31843-CDCB-498E-9378-BDAAF505F6BA}.Debug|Any CPU.ActiveCfg = Debug|Any CPU
		{7ED31843-CDCB-498E-9378-BDAAF505F6BA}.Debug|Any CPU.Build.0 = Debug|Any CPU
		{7ED31843-CDCB-498E-9378-BDAAF505F6BA}.Release|Any CPU.ActiveCfg = Release|Any CPU
		{7ED31843-CDCB-498E-9378-BDAAF505F6BA}.Release|Any CPU.Build.0 = Release|Any CPU
		{67604460-2951-4BAD-8857-B38109C0B829}.Debug|Any CPU.ActiveCfg = Debug|Any CPU
		{67604460-2951-4BAD-8857-B38109C0B829}.Debug|Any CPU.Build.0 = Debug|Any CPU
		{67604460-2951-4BAD-8857-B38109C0B829}.Release|Any CPU.ActiveCfg = Release|Any CPU
		{67604460-2951-4BAD-8857-B38109C0B829}.Release|Any CPU.Build.0 = Release|Any CPU
		{98A65183-6C07-4829-A46D-265096446D6E}.Debug|Any CPU.ActiveCfg = Debug|Any CPU
		{98A65183-6C07-4829-A46D-265096446D6E}.Debug|Any CPU.Build.0 = Debug|Any CPU
		{98A65183-6C07-4829-A46D-265096446D6E}.Release|Any CPU.ActiveCfg = Release|Any CPU
		{98A65183-6C07-4829-A46D-265096446D6E}.Release|Any CPU.Build.0 = Release|Any CPU
		{D2964036-D770-421D-951F-01BB1F8D98A1}.Debug|Any CPU.ActiveCfg = Debug|Any CPU
		{D2964036-D770-421D-951F-01BB1F8D98A1}.Debug|Any CPU.Build.0 = Debug|Any CPU
		{D2964036-D770-421D-951F-01BB1F8D98A1}.Release|Any CPU.ActiveCfg = Release|Any CPU
		{D2964036-D770-421D-951F-01BB1F8D98A1}.Release|Any CPU.Build.0 = Release|Any CPU
		{AD595378-CF84-49E3-8AD7-B721210E6377}.Debug|Any CPU.ActiveCfg = Debug|Any CPU
		{AD595378-CF84-49E3-8AD7-B721210E6377}.Debug|Any CPU.Build.0 = Debug|Any CPU
		{AD595378-CF84-49E3-8AD7-B721210E6377}.Release|Any CPU.ActiveCfg = Release|Any CPU
		{AD595378-CF84-49E3-8AD7-B721210E6377}.Release|Any CPU.Build.0 = Release|Any CPU
		{AED40498-0E29-4673-B067-B1DDAEB963C5}.Debug|Any CPU.ActiveCfg = Debug|Any CPU
		{AED40498-0E29-4673-B067-B1DDAEB963C5}.Debug|Any CPU.Build.0 = Debug|Any CPU
		{AED40498-0E29-4673-B067-B1DDAEB963C5}.Release|Any CPU.ActiveCfg = Release|Any CPU
		{AED40498-0E29-4673-B067-B1DDAEB963C5}.Release|Any CPU.Build.0 = Release|Any CPU
		{99B896F2-AB6B-4C81-AB7B-50CDF9052D02}.Debug|Any CPU.ActiveCfg = Debug|Any CPU
		{99B896F2-AB6B-4C81-AB7B-50CDF9052D02}.Debug|Any CPU.Build.0 = Debug|Any CPU
		{99B896F2-AB6B-4C81-AB7B-50CDF9052D02}.Release|Any CPU.ActiveCfg = Release|Any CPU
		{99B896F2-AB6B-4C81-AB7B-50CDF9052D02}.Release|Any CPU.Build.0 = Release|Any CPU
		{C1B3E7E3-5B65-49F6-8FC0-301B04FA3511}.Debug|Any CPU.ActiveCfg = Debug|Any CPU
		{C1B3E7E3-5B65-49F6-8FC0-301B04FA3511}.Debug|Any CPU.Build.0 = Debug|Any CPU
		{C1B3E7E3-5B65-49F6-8FC0-301B04FA3511}.Release|Any CPU.ActiveCfg = Release|Any CPU
		{C1B3E7E3-5B65-49F6-8FC0-301B04FA3511}.Release|Any CPU.Build.0 = Release|Any CPU
		{191B471B-7845-43A3-8838-96A6E14DDA2E}.Debug|Any CPU.ActiveCfg = Debug|Any CPU
		{191B471B-7845-43A3-8838-96A6E14DDA2E}.Debug|Any CPU.Build.0 = Debug|Any CPU
		{191B471B-7845-43A3-8838-96A6E14DDA2E}.Release|Any CPU.ActiveCfg = Release|Any CPU
		{191B471B-7845-43A3-8838-96A6E14DDA2E}.Release|Any CPU.Build.0 = Release|Any CPU
		{AB6284AB-4037-4BA3-8C54-3DE764404133}.Debug|Any CPU.ActiveCfg = Debug|Any CPU
		{AB6284AB-4037-4BA3-8C54-3DE764404133}.Debug|Any CPU.Build.0 = Debug|Any CPU
		{AB6284AB-4037-4BA3-8C54-3DE764404133}.Release|Any CPU.ActiveCfg = Release|Any CPU
		{AB6284AB-4037-4BA3-8C54-3DE764404133}.Release|Any CPU.Build.0 = Release|Any CPU
		{7F00F057-A0CC-4FB2-9007-BF99C044A66A}.Debug|Any CPU.ActiveCfg = Debug|Any CPU
		{7F00F057-A0CC-4FB2-9007-BF99C044A66A}.Debug|Any CPU.Build.0 = Debug|Any CPU
		{7F00F057-A0CC-4FB2-9007-BF99C044A66A}.Release|Any CPU.ActiveCfg = Release|Any CPU
		{7F00F057-A0CC-4FB2-9007-BF99C044A66A}.Release|Any CPU.Build.0 = Release|Any CPU
		{9B4235BF-4F26-4DA8-9725-3813A16DF4D0}.Debug|Any CPU.ActiveCfg = Debug|Any CPU
		{9B4235BF-4F26-4DA8-9725-3813A16DF4D0}.Debug|Any CPU.Build.0 = Debug|Any CPU
		{9B4235BF-4F26-4DA8-9725-3813A16DF4D0}.Release|Any CPU.ActiveCfg = Release|Any CPU
		{9B4235BF-4F26-4DA8-9725-3813A16DF4D0}.Release|Any CPU.Build.0 = Release|Any CPU
		{82B21BD1-6372-4B2D-B0C8-D7112674B5C5}.Debug|Any CPU.ActiveCfg = Debug|Any CPU
		{82B21BD1-6372-4B2D-B0C8-D7112674B5C5}.Debug|Any CPU.Build.0 = Debug|Any CPU
		{82B21BD1-6372-4B2D-B0C8-D7112674B5C5}.Release|Any CPU.ActiveCfg = Release|Any CPU
		{82B21BD1-6372-4B2D-B0C8-D7112674B5C5}.Release|Any CPU.Build.0 = Release|Any CPU
	EndGlobalSection
	GlobalSection(SolutionProperties) = preSolution
		HideSolutionNode = FALSE
	EndGlobalSection
	GlobalSection(NestedProjects) = preSolution
		{24EB6FB6-46A0-4B9A-B31D-857C6887F870} = {1E49C918-0623-4BA2-9DBE-B2FC36EB58AC}
		{B0C6CB36-9929-437E-B040-449B4C7C1E29} = {1E49C918-0623-4BA2-9DBE-B2FC36EB58AC}
		{35F88A93-9A64-45A7-89F7-7DD4A5DD23B9} = {1E49C918-0623-4BA2-9DBE-B2FC36EB58AC}
		{86FFF8F8-DFE1-4054-BB2E-C12848AF4295} = {1E49C918-0623-4BA2-9DBE-B2FC36EB58AC}
		{A267BF48-F7F2-45FD-8315-C5A72E11A6E4} = {1E49C918-0623-4BA2-9DBE-B2FC36EB58AC}
		{ACA3FC3E-E8C2-4F53-90DE-945A037BEBE4} = {1E49C918-0623-4BA2-9DBE-B2FC36EB58AC}
		{E6C8C456-64A0-4080-B7F9-3646897675A7} = {1E49C918-0623-4BA2-9DBE-B2FC36EB58AC}
		{14CEF067-EF78-4B79-936A-EC5B6F5B7E2E} = {1E49C918-0623-4BA2-9DBE-B2FC36EB58AC}
		{ABA3FD8F-1DBE-4CD0-B3D3-4A27FC2590CA} = {C6761988-0BF4-4EBF-9015-1E33BC4AC497}
		{251ECCA1-9BB8-4E69-9724-2980B7BA1636} = {C6761988-0BF4-4EBF-9015-1E33BC4AC497}
		{ABA3DC60-CC3A-4636-9A96-CEA4F03DC9DD} = {C6761988-0BF4-4EBF-9015-1E33BC4AC497}
		{7BB2F7DA-20A3-4757-96FE-CA3211D0530E} = {1E49C918-0623-4BA2-9DBE-B2FC36EB58AC}
		{7ED31843-CDCB-498E-9378-BDAAF505F6BA} = {1E49C918-0623-4BA2-9DBE-B2FC36EB58AC}
		{67604460-2951-4BAD-8857-B38109C0B829} = {C6761988-0BF4-4EBF-9015-1E33BC4AC497}
		{98A65183-6C07-4829-A46D-265096446D6E} = {C6761988-0BF4-4EBF-9015-1E33BC4AC497}
		{D2964036-D770-421D-951F-01BB1F8D98A1} = {09FB75D9-828C-470E-8D2C-029EA9DDA095}
		{AD595378-CF84-49E3-8AD7-B721210E6377} = {09FB75D9-828C-470E-8D2C-029EA9DDA095}
		{AED40498-0E29-4673-B067-B1DDAEB963C5} = {09FB75D9-828C-470E-8D2C-029EA9DDA095}
		{99B896F2-AB6B-4C81-AB7B-50CDF9052D02} = {09FB75D9-828C-470E-8D2C-029EA9DDA095}
		{C1B3E7E3-5B65-49F6-8FC0-301B04FA3511} = {09FB75D9-828C-470E-8D2C-029EA9DDA095}
		{191B471B-7845-43A3-8838-96A6E14DDA2E} = {09FB75D9-828C-470E-8D2C-029EA9DDA095}
		{AB6284AB-4037-4BA3-8C54-3DE764404133} = {4183B3A6-613E-48D7-A795-02ABB89CA241}
		{7F00F057-A0CC-4FB2-9007-BF99C044A66A} = {4183B3A6-613E-48D7-A795-02ABB89CA241}
		{9B4235BF-4F26-4DA8-9725-3813A16DF4D0} = {4183B3A6-613E-48D7-A795-02ABB89CA241}
		{82B21BD1-6372-4B2D-B0C8-D7112674B5C5} = {1E49C918-0623-4BA2-9DBE-B2FC36EB58AC}
	EndGlobalSection
	GlobalSection(ExtensibilityGlobals) = postSolution
		SolutionGuid = {1F390043-3722-44B5-A0C9-3B01B1253406}
	EndGlobalSection
EndGlobal
